
Microsoft Visual Studio Solution File, Format Version 12.00
# Visual Studio Version 17
VisualStudioVersion = 17.13.36105.23 d17.13
MinimumVisualStudioVersion = 10.0.40219.1
Project("{9A19103F-16F7-4668-BE54-9A1E7A4F7556}") = "JDMyFiles.Music", "JDMyFiles.Music\JDMyFiles.Music.csproj", "{D9E4DA2C-2F25-4372-8617-449EE589FB17}"
EndProject
Project("{FAE04EC0-301F-11D3-BF4B-00C04F79EFBC}") = "JD.PhotoDuplicates", "JD.PhotoDuplicates\JD.PhotoDuplicates.csproj", "{1AEE7795-3241-4893-B107-6B7BD19D67B2}"
EndProject
Global
	GlobalSection(SolutionConfigurationPlatforms) = preSolution
		Debug|Any CPU = Debug|Any CPU
		Release|Any CPU = Release|Any CPU
	EndGlobalSection
	GlobalSection(ProjectConfigurationPlatforms) = postSolution
		{D9E4DA2C-2F25-4372-8617-449EE589FB17}.Debug|Any CPU.ActiveCfg = Debug|Any CPU
		{D9E4DA2C-2F25-4372-8617-449EE589FB17}.Debug|Any CPU.Build.0 = Debug|Any CPU
		{D9E4DA2C-2F25-4372-8617-449EE589FB17}.Release|Any CPU.ActiveCfg = Release|Any CPU
		{D9E4DA2C-2F25-4372-8617-449EE589FB17}.Release|Any CPU.Build.0 = Release|Any CPU
		{1AEE7795-3241-4893-B107-6B7BD19D67B2}.Debug|Any CPU.ActiveCfg = Debug|Any CPU
		{1AEE7795-3241-4893-B107-6B7BD19D67B2}.Debug|Any CPU.Build.0 = Debug|Any CPU
		{1AEE7795-3241-4893-B107-6B7BD19D67B2}.Release|Any CPU.ActiveCfg = Release|Any CPU
		{1AEE7795-3241-4893-B107-6B7BD19D67B2}.Release|Any CPU.Build.0 = Release|Any CPU
	EndGlobalSection
	GlobalSection(SolutionProperties) = preSolution
		HideSolutionNode = FALSE
	EndGlobalSection
	GlobalSection(ExtensibilityGlobals) = postSolution
		SolutionGuid = {352A0825-06B1-44ED-8825-0F048E3A578D}
	EndGlobalSection
EndGlobal
